{
  "name": "techmatrix",
  "version": "0.1.0",
  "lockfileVersion": 3,
  "requires": true,
  "packages": {
    "": {
      "name": "techmatrix",
      "version": "0.1.0",
      "dependencies": {
        "@tsparticles/react": "^3.0.0",
        "@tsparticles/slim": "^3.0.2",
        "@vercel/analytics": "^1.1.1",
        "clsx": "^2.0.0",
        "next": "14.0.4",
        "react": "^18",
        "react-dom": "^18"
      }
    },
    "node_modules/@next/env": {
      "version": "14.0.4",
      "resolved": "https://registry.npmjs.org/@next/env/-/env-14.0.4.tgz",
      "integrity": "sha512-irQnbMLbUNQpP1wcE5NstJtbuA/69kRfzBrpAD7Gsn8zm/CY6YQYc3HQBz8QPxwISG26tIm5afvvVbu508oBeQ=="
    },
    "node_modules/@next/swc-darwin-arm64": {
      "version": "14.0.4",
      "resolved": "https://registry.npmjs.org/@next/swc-darwin-arm64/-/swc-darwin-arm64-14.0.4.tgz",
      "integrity": "sha512-mF05E/5uPthWzyYDyptcwHptucf/jj09i2SXBPwNzbgBNc+XnwzrL0U6BmPjQeOL+FiB+iG1gwBeq7mlDjSRPg==",
      "cpu": [
        "arm64"
      ],
      "optional": true,
      "os": [
        "darwin"
      ],
      "engines": {
        "node": ">= 10"
      }
    },
    "node_modules/@next/swc-darwin-x64": {
      "version": "14.0.4",
      "resolved": "https://registry.npmjs.org/@next/swc-darwin-x64/-/swc-darwin-x64-14.0.4.tgz",
      "integrity": "sha512-IZQ3C7Bx0k2rYtrZZxKKiusMTM9WWcK5ajyhOZkYYTCc8xytmwSzR1skU7qLgVT/EY9xtXDG0WhY6fyujnI3rw==",
      "cpu": [
        "x64"
      ],
      "optional": true,
      "os": [
        "darwin"
      ],
      "engines": {
        "node": ">= 10"
      }
    },
    "node_modules/@next/swc-linux-arm64-gnu": {
      "version": "14.0.4",
      "resolved": "https://registry.npmjs.org/@next/swc-linux-arm64-gnu/-/swc-linux-arm64-gnu-14.0.4.tgz",
      "integrity": "sha512-VwwZKrBQo/MGb1VOrxJ6LrKvbpo7UbROuyMRvQKTFKhNaXjUmKTu7wxVkIuCARAfiI8JpaWAnKR+D6tzpCcM4w==",
      "cpu": [
        "arm64"
      ],
      "optional": true,
      "os": [
        "linux"
      ],
      "engines": {
        "node": ">= 10"
      }
    },
    "node_modules/@next/swc-linux-arm64-musl": {
      "version": "14.0.4",
      "resolved": "https://registry.npmjs.org/@next/swc-linux-arm64-musl/-/swc-linux-arm64-musl-14.0.4.tgz",
      "integrity": "sha512-8QftwPEW37XxXoAwsn+nXlodKWHfpMaSvt81W43Wh8dv0gkheD+30ezWMcFGHLI71KiWmHK5PSQbTQGUiidvLQ==",
      "cpu": [
        "arm64"
      ],
      "optional": true,
      "os": [
        "linux"
      ],
      "engines": {
        "node": ">= 10"
      }
    },
    "node_modules/@next/swc-linux-x64-gnu": {
      "version": "14.0.4",
      "resolved": "https://registry.npmjs.org/@next/swc-linux-x64-gnu/-/swc-linux-x64-gnu-14.0.4.tgz",
      "integrity": "sha512-/s/Pme3VKfZAfISlYVq2hzFS8AcAIOTnoKupc/j4WlvF6GQ0VouS2Q2KEgPuO1eMBwakWPB1aYFIA4VNVh667A==",
      "cpu": [
        "x64"
      ],
      "optional": true,
      "os": [
        "linux"
      ],
      "engines": {
        "node": ">= 10"
      }
    },
    "node_modules/@next/swc-linux-x64-musl": {
      "version": "14.0.4",
      "resolved": "https://registry.npmjs.org/@next/swc-linux-x64-musl/-/swc-linux-x64-musl-14.0.4.tgz",
      "integrity": "sha512-m8z/6Fyal4L9Bnlxde5g2Mfa1Z7dasMQyhEhskDATpqr+Y0mjOBZcXQ7G5U+vgL22cI4T7MfvgtrM2jdopqWaw==",
      "cpu": [
        "x64"
      ],
      "optional": true,
      "os": [
        "linux"
      ],
      "engines": {
        "node": ">= 10"
      }
    },
    "node_modules/@next/swc-win32-arm64-msvc": {
      "version": "14.0.4",
      "resolved": "https://registry.npmjs.org/@next/swc-win32-arm64-msvc/-/swc-win32-arm64-msvc-14.0.4.tgz",
      "integrity": "sha512-7Wv4PRiWIAWbm5XrGz3D8HUkCVDMMz9igffZG4NB1p4u1KoItwx9qjATHz88kwCEal/HXmbShucaslXCQXUM5w==",
      "cpu": [
        "arm64"
      ],
      "optional": true,
      "os": [
        "win32"
      ],
      "engines": {
        "node": ">= 10"
      }
    },
    "node_modules/@next/swc-win32-ia32-msvc": {
      "version": "14.0.4",
      "resolved": "https://registry.npmjs.org/@next/swc-win32-ia32-msvc/-/swc-win32-ia32-msvc-14.0.4.tgz",
      "integrity": "sha512-zLeNEAPULsl0phfGb4kdzF/cAVIfaC7hY+kt0/d+y9mzcZHsMS3hAS829WbJ31DkSlVKQeHEjZHIdhN+Pg7Gyg==",
      "cpu": [
        "ia32"
      ],
      "optional": true,
      "os": [
        "win32"
      ],
      "engines": {
        "node": ">= 10"
      }
    },
    "node_modules/@next/swc-win32-x64-msvc": {
      "version": "14.0.4",
      "resolved": "https://registry.npmjs.org/@next/swc-win32-x64-msvc/-/swc-win32-x64-msvc-14.0.4.tgz",
      "integrity": "sha512-yEh2+R8qDlDCjxVpzOTEpBLQTEFAcP2A8fUFLaWNap9GitYKkKv1//y2S6XY6zsR4rCOPRpU7plYDR+az2n30A==",
      "cpu": [
        "x64"
      ],
      "optional": true,
      "os": [
        "win32"
      ],
      "engines": {
        "node": ">= 10"
      }
    },
    "node_modules/@swc/helpers": {
      "version": "0.5.2",
      "resolved": "https://registry.npmjs.org/@swc/helpers/-/helpers-0.5.2.tgz",
      "integrity": "sha512-E4KcWTpoLHqwPHLxidpOqQbcrZVgi0rsmmZXUle1jXmJfuIf/UWpczUJ7MZZ5tlxytgJXyp0w4PGkkeLiuIdZw==",
      "dependencies": {
        "tslib": "^2.4.0"
      }
    },
    "node_modules/@tsparticles/basic": {
      "version": "3.0.2",
      "resolved": "https://registry.npmjs.org/@tsparticles/basic/-/basic-3.0.2.tgz",
      "integrity": "sha512-aM3X4daYRFxrkZ7+puHYjlgWjFaU4ROe8XOx7K+BnADfd0WM1I+JC0kspMEOe0b0qoiCbbbRpBqD135Kc75FXg==",
      "funding": [
        {
          "type": "github",
          "url": "https://github.com/sponsors/matteobruni"
        },
        {
          "type": "github",
          "url": "https://github.com/sponsors/tsparticles"
        },
        {
          "type": "buymeacoffee",
          "url": "https://www.buymeacoffee.com/matteobruni"
        }
      ],
      "dependencies": {
        "@tsparticles/engine": "^3.0.2",
        "@tsparticles/move-base": "^3.0.2",
        "@tsparticles/shape-circle": "^3.0.2",
        "@tsparticles/updater-color": "^3.0.2",
        "@tsparticles/updater-opacity": "^3.0.2",
        "@tsparticles/updater-out-modes": "^3.0.2",
        "@tsparticles/updater-size": "^3.0.2"
      }
    },
    "node_modules/@tsparticles/engine": {
      "version": "3.0.2",
      "resolved": "https://registry.npmjs.org/@tsparticles/engine/-/engine-3.0.2.tgz",
      "integrity": "sha512-2HhuJuHjz/GiIP0i+jpymnZEXfR82sTkp7jb/sQYfiHCu5Bh0XcNNuvZXbRMgt2qdB+BAupFA7ghIB1FfnLyug==",
      "funding": [
        {
          "type": "github",
          "url": "https://github.com/sponsors/matteobruni"
        },
        {
          "type": "github",
          "url": "https://github.com/sponsors/tsparticles"
        },
        {
          "type": "buymeacoffee",
          "url": "https://www.buymeacoffee.com/matteobruni"
        }
      ],
      "hasInstallScript": true
    },
    "node_modules/@tsparticles/interaction-external-attract": {
      "version": "3.0.2",
      "resolved": "https://registry.npmjs.org/@tsparticles/interaction-external-attract/-/interaction-external-attract-3.0.2.tgz",
      "integrity": "sha512-7hrTPDKeDw0f6RbWs5m8eH4Dn+AIwn6d6w32GVbHEc2UQSMAX3G4rZ2ME6LEy8rlpnApIUNTBWFvK+laINtopg==",
      "dependencies": {
        "@tsparticles/engine": "^3.0.2"
      }
    },
    "node_modules/@tsparticles/interaction-external-bounce": {
      "version": "3.0.2",
      "resolved": "https://registry.npmjs.org/@tsparticles/interaction-external-bounce/-/interaction-external-bounce-3.0.2.tgz",
      "integrity": "sha512-uZrNKL3z04tOeL3/EpO/Jq7U1Pdz6jVO1UG8+r9NJg/Pwnrq7+my/1l/Oh2fUYeGzKlsy8NerBwHhNreZzzJzw==",
      "dependencies": {
        "@tsparticles/engine": "^3.0.2"
      }
    },
    "node_modules/@tsparticles/interaction-external-bubble": {
      "version": "3.0.2",
      "resolved": "https://registry.npmjs.org/@tsparticles/interaction-external-bubble/-/interaction-external-bubble-3.0.2.tgz",
      "integrity": "sha512-tOtz1tYqR0/X+MPj0VALgwG2maVeiTn60bxz56QpduDEgcQixSux7czn4btY3Y/CHR30+GBfYwFRyUAwg1v/bQ==",
      "dependencies": {
        "@tsparticles/engine": "^3.0.2"
      }
    },
    "node_modules/@tsparticles/interaction-external-connect": {
      "version": "3.0.2",
      "resolved": "https://registry.npmjs.org/@tsparticles/interaction-external-connect/-/interaction-external-connect-3.0.2.tgz",
      "integrity": "sha512-Bt0l4ptEXcCwDog9UbV2+C8EVv8rStrEWv0nCfNGwM+o5cFaSN8tqqd4c48SbtXNEq/k1+Fl2q0n7hU48YudyQ==",
      "dependencies": {
        "@tsparticles/engine": "^3.0.2"
      }
    },
    "node_modules/@tsparticles/interaction-external-grab": {
      "version": "3.0.2",
      "resolved": "https://registry.npmjs.org/@tsparticles/interaction-external-grab/-/interaction-external-grab-3.0.2.tgz",
      "integrity": "sha512-05JP7WwizKVukeX9dF4BTRYAYJ1Yviag6dryzO9LLf6hpdOM5qMbzJG6KIsILLxOpLo4jc9xQ1KCtpcG6bmARg==",
      "dependencies": {
        "@tsparticles/engine": "^3.0.2"
      }
    },
    "node_modules/@tsparticles/interaction-external-pause": {
      "version": "3.0.2",
      "resolved": "https://registry.npmjs.org/@tsparticles/interaction-external-pause/-/interaction-external-pause-3.0.2.tgz",
      "integrity": "sha512-W2W3wuZD3idLW5+x5I/elI0IGMKF2jHhAeaJ+OA8EOaZUduGhq4Y2KsP6byVdDIkhnLC/EZFn5k1Sw3vP4y1cw==",
      "dependencies": {
        "@tsparticles/engine": "^3.0.2"
      }
    },
    "node_modules/@tsparticles/interaction-external-push": {
      "version": "3.0.2",
      "resolved": "https://registry.npmjs.org/@tsparticles/interaction-external-push/-/interaction-external-push-3.0.2.tgz",
      "integrity": "sha512-a9AUDlDNbUBuRJLCF6E4/bcIc5nHQ0FNZJzV/K45/S4ByrHFob4Q2cDVfCxujbSEgOdWiTD4K8hEpvd2NKbK0w==",
      "dependencies": {
        "@tsparticles/engine": "^3.0.2"
      }
    },
    "node_modules/@tsparticles/interaction-external-remove": {
      "version": "3.0.2",
      "resolved": "https://registry.npmjs.org/@tsparticles/interaction-external-remove/-/interaction-external-remove-3.0.2.tgz",
      "integrity": "sha512-QO0nFUcJscjXaCrp0cTj554jVOlttN0bYjGeZ9/iS+pD4NtwAr1gqpDXBdHjDkb8+v/rWoDRB59teKEai2wCng==",
      "dependencies": {
        "@tsparticles/engine": "^3.0.2"
      }
    },
    "node_modules/@tsparticles/interaction-external-repulse": {
      "version": "3.0.2",
      "resolved": "https://registry.npmjs.org/@tsparticles/interaction-external-repulse/-/interaction-external-repulse-3.0.2.tgz",
      "integrity": "sha512-gQW1eRIhoIb8Hf2EHe9qDkiNC4WM4wSGKfAIZzuU4VufLi323Zr5r9M+go+uc+dinzVPGeuJz38/lUppTOopsg==",
      "dependencies": {
        "@tsparticles/engine": "^3.0.2"
      }
    },
    "node_modules/@tsparticles/interaction-external-slow": {
      "version": "3.0.2",
      "resolved": "https://registry.npmjs.org/@tsparticles/interaction-external-slow/-/interaction-external-slow-3.0.2.tgz",
      "integrity": "sha512-/gdlpiwX3fQpzHO5aQH728MnIHy0/ZY+nE9xjeK6KCp/hN8Ye/KgWmE2phK+HMdaYOOPcak+Sgw5QkpB1SK1ew==",
      "dependencies": {
        "@tsparticles/engine": "^3.0.2"
      }
    },
    "node_modules/@tsparticles/interaction-particles-attract": {
      "version": "3.0.2",
      "resolved": "https://registry.npmjs.org/@tsparticles/interaction-particles-attract/-/interaction-particles-attract-3.0.2.tgz",
      "integrity": "sha512-s5R7tAKSmsm9gcvnRJO0N2zLaHzO3MJU/DMcrD/yF9kpnFbOF8Xd8X7MR2bho0tMngqcDarqbEk0A95lDhSaog==",
      "dependencies": {
        "@tsparticles/engine": "^3.0.2"
      }
    },
    "node_modules/@tsparticles/interaction-particles-collisions": {
      "version": "3.0.2",
      "resolved": "https://registry.npmjs.org/@tsparticles/interaction-particles-collisions/-/interaction-particles-collisions-3.0.2.tgz",
      "integrity": "sha512-EA25ikXlZplEEPx45uwveTV+OyA5fNNMH24zTGYsJAMPPQ84r9ps7klIjGEJqboIbTkg9NFlVaHy8+ZlM9KLzA==",
      "dependencies": {
        "@tsparticles/engine": "^3.0.2"
      }
    },
    "node_modules/@tsparticles/interaction-particles-links": {
      "version": "3.0.2",
      "resolved": "https://registry.npmjs.org/@tsparticles/interaction-particles-links/-/interaction-particles-links-3.0.2.tgz",
      "integrity": "sha512-XCpTAgZWd0Om/iRa2I+YtzGiWVo5egWlx3PXE07DsZRQkeQJS0DcmMUx5Um3OagDkgfHmMZx0CDwDbCufA4ncQ==",
      "dependencies": {
        "@tsparticles/engine": "^3.0.2"
      }
    },
    "node_modules/@tsparticles/move-base": {
      "version": "3.0.2",
      "resolved": "https://registry.npmjs.org/@tsparticles/move-base/-/move-base-3.0.2.tgz",
      "integrity": "sha512-PjLII47p3tT6yOLb+CLLohaxXw13MVuijFq8sLkuNPbUNSE0ooJ0pmncqaAchFIYu2JxDbRZ1GuTuqEw+AIRUw==",
      "dependencies": {
        "@tsparticles/engine": "^3.0.2"
      }
    },
    "node_modules/@tsparticles/move-parallax": {
      "version": "3.0.2",
      "resolved": "https://registry.npmjs.org/@tsparticles/move-parallax/-/move-parallax-3.0.2.tgz",
      "integrity": "sha512-Q/QkDH2QXLxZpLULyYEHwwIeTqzxYRbAtzX+xmzjkfYd3esu9h6s3tjD3ICSYQNvoPXBx2o6yYinmK5comkuMg==",
      "dependencies": {
        "@tsparticles/engine": "^3.0.2"
      }
    },
    "node_modules/@tsparticles/plugin-easing-quad": {
      "version": "3.0.2",
      "resolved": "https://registry.npmjs.org/@tsparticles/plugin-easing-quad/-/plugin-easing-quad-3.0.2.tgz",
      "integrity": "sha512-Z36YfPXvtrHmcKYt5LfZdojYlFt8WWbAhP5OS3dRfKUgxnw+vMEP1gLxz9y+BebIeVZrZdR5OUk3EimlXdbZnQ==",
      "funding": [
        {
          "type": "github",
          "url": "https://github.com/sponsors/matteobruni"
        },
        {
          "type": "github",
          "url": "https://github.com/sponsors/tsparticles"
        },
        {
          "type": "buymeacoffee",
          "url": "https://www.buymeacoffee.com/matteobruni"
        }
      ],
      "dependencies": {
        "@tsparticles/engine": "^3.0.2"
      }
    },
    "node_modules/@tsparticles/react": {
      "version": "3.0.0",
      "resolved": "https://registry.npmjs.org/@tsparticles/react/-/react-3.0.0.tgz",
      "integrity": "sha512-hjGEtTT1cwv6BcjL+GcVgH++KYs52bIuQGW3PWv7z3tMa8g0bd6RI/vWSLj7p//NZ3uTjEIeilYIUPBh7Jfq/Q==",
      "peerDependencies": {
        "@tsparticles/engine": "^3.0.2",
        "react": ">=16.8.0",
        "react-dom": ">=16.8.0"
      }
    },
    "node_modules/@tsparticles/shape-circle": {
      "version": "3.0.2",
      "resolved": "https://registry.npmjs.org/@tsparticles/shape-circle/-/shape-circle-3.0.2.tgz",
      "integrity": "sha512-BqeeP2Oxu7NxEx6znB5V9rYc0VPZNrpC6WNyz78nvnhyARgQZWNRgNo5igaE2Zn+ss64KHNxkQDkbYP+ZAc1BQ==",
      "dependencies": {
        "@tsparticles/engine": "^3.0.2"
      }
    },
    "node_modules/@tsparticles/shape-emoji": {
      "version": "3.0.2",
      "resolved": "https://registry.npmjs.org/@tsparticles/shape-emoji/-/shape-emoji-3.0.2.tgz",
      "integrity": "sha512-mpzsmNvE/DmWihRQrVS23JqWefmUjXU9HOkal9vWBgGDOfRpieBxHBHqNZFiYq1oaxa/zwFNcPCJ4BpiWu3nPQ==",
      "dependencies": {
        "@tsparticles/engine": "^3.0.2"
      }
    },
    "node_modules/@tsparticles/shape-image": {
      "version": "3.0.2",
      "resolved": "https://registry.npmjs.org/@tsparticles/shape-image/-/shape-image-3.0.2.tgz",
      "integrity": "sha512-i4v5qZ7s48M/jkx/REHD0usTvyephebHrNWhM5XHYfXvPjuXg3nrP6sYGqRByPkJ3svdFoeGZM/5jrF63waHjA==",
      "dependencies": {
        "@tsparticles/engine": "^3.0.2"
      }
    },
    "node_modules/@tsparticles/shape-line": {
      "version": "3.0.2",
      "resolved": "https://registry.npmjs.org/@tsparticles/shape-line/-/shape-line-3.0.2.tgz",
      "integrity": "sha512-tI8bFYp4UwDpTEUglHRtENx37F9xK1FKvk5UeIIHfCSVxBQsLtAZ16ynRVBnUXMPDHIs388xxeOqc2wHWrwlJw==",
      "dependencies": {
        "@tsparticles/engine": "^3.0.2"
      }
    },
    "node_modules/@tsparticles/shape-polygon": {
      "version": "3.0.2",
      "resolved": "https://registry.npmjs.org/@tsparticles/shape-polygon/-/shape-polygon-3.0.2.tgz",
      "integrity": "sha512-aUVoDzoMy6uRf12xEKZ62aCxo+yBWxNrkNbdYxlMKIWzqRQVTiNxhwHt6VwBzzXUzy8KseaXB3BiQfLCsmdGLQ==",
      "dependencies": {
        "@tsparticles/engine": "^3.0.2"
      }
    },
    "node_modules/@tsparticles/shape-square": {
      "version": "3.0.2",
      "resolved": "https://registry.npmjs.org/@tsparticles/shape-square/-/shape-square-3.0.2.tgz",
      "integrity": "sha512-ut8SlaroULa4C2aKVfMmGmfN5yAk6WN9xjT/yw4bPYAsunZdfeOEzH76u8K4SLVkl2CJ4H1w3YdWxhL+h8BtvQ==",
      "dependencies": {
        "@tsparticles/engine": "^3.0.2"
      }
    },
    "node_modules/@tsparticles/shape-star": {
      "version": "3.0.2",
      "resolved": "https://registry.npmjs.org/@tsparticles/shape-star/-/shape-star-3.0.2.tgz",
      "integrity": "sha512-fwZokgygyi3gX4vES9tlfTK8tJnvu5pd4exI2n1QW/8xpCpsORYhk+VWN994DSmt4g+VTYLb/tVnDk///Sa92g==",
      "dependencies": {
        "@tsparticles/engine": "^3.0.2"
      }
    },
    "node_modules/@tsparticles/slim": {
      "version": "3.0.2",
      "resolved": "https://registry.npmjs.org/@tsparticles/slim/-/slim-3.0.2.tgz",
      "integrity": "sha512-EAmfK1Oy2d1zwA1Dfpt0AQaut71zrmXOT4uvzuGq+PRH5CSbhqWuYplKCauYNCw02s+z3o3tCSea5/hcXh3tOA==",
      "funding": [
        {
          "type": "github",
          "url": "https://github.com/sponsors/matteobruni"
        },
        {
          "type": "github",
          "url": "https://github.com/sponsors/tsparticles"
        },
        {
          "type": "buymeacoffee",
          "url": "https://www.buymeacoffee.com/matteobruni"
        }
      ],
      "dependencies": {
        "@tsparticles/basic": "^3.0.2",
        "@tsparticles/engine": "^3.0.2",
        "@tsparticles/interaction-external-attract": "^3.0.2",
        "@tsparticles/interaction-external-bounce": "^3.0.2",
        "@tsparticles/interaction-external-bubble": "^3.0.2",
        "@tsparticles/interaction-external-connect": "^3.0.2",
        "@tsparticles/interaction-external-grab": "^3.0.2",
        "@tsparticles/interaction-external-pause": "^3.0.2",
        "@tsparticles/interaction-external-push": "^3.0.2",
        "@tsparticles/interaction-external-remove": "^3.0.2",
        "@tsparticles/interaction-external-repulse": "^3.0.2",
        "@tsparticles/interaction-external-slow": "^3.0.2",
        "@tsparticles/interaction-particles-attract": "^3.0.2",
        "@tsparticles/interaction-particles-collisions": "^3.0.2",
        "@tsparticles/interaction-particles-links": "^3.0.2",
        "@tsparticles/move-base": "^3.0.2",
        "@tsparticles/move-parallax": "^3.0.2",
        "@tsparticles/plugin-easing-quad": "^3.0.2",
        "@tsparticles/shape-circle": "^3.0.2",
        "@tsparticles/shape-emoji": "^3.0.2",
        "@tsparticles/shape-image": "^3.0.2",
        "@tsparticles/shape-line": "^3.0.2",
        "@tsparticles/shape-polygon": "^3.0.2",
        "@tsparticles/shape-square": "^3.0.2",
        "@tsparticles/shape-star": "^3.0.2",
        "@tsparticles/updater-color": "^3.0.2",
        "@tsparticles/updater-life": "^3.0.2",
        "@tsparticles/updater-opacity": "^3.0.2",
        "@tsparticles/updater-out-modes": "^3.0.2",
        "@tsparticles/updater-rotate": "^3.0.2",
        "@tsparticles/updater-size": "^3.0.2",
        "@tsparticles/updater-stroke-color": "^3.0.2"
      }
    },
    "node_modules/@tsparticles/updater-color": {
      "version": "3.0.2",
      "resolved": "https://registry.npmjs.org/@tsparticles/updater-color/-/updater-color-3.0.2.tgz",
      "integrity": "sha512-MfG+fVpXEqSMD38uN9MWLoHbSL1+EL4TbvOfyifyTV9lvsl0Ic154EowdRsJROAnQ2PnEcnJh8UjA6YXIg9uoA==",
      "dependencies": {
        "@tsparticles/engine": "^3.0.2"
      }
    },
    "node_modules/@tsparticles/updater-life": {
      "version": "3.0.2",
      "resolved": "https://registry.npmjs.org/@tsparticles/updater-life/-/updater-life-3.0.2.tgz",
      "integrity": "sha512-EFhxKr11GdQyKbw3+UbDrRvN2ZJ9vEBFAWeM5TAR5erln9OI5/9J4ySXd+3MZRC7pH66GHPIB9yVBjonLURRnQ==",
      "dependencies": {
        "@tsparticles/engine": "^3.0.2"
      }
    },
    "node_modules/@tsparticles/updater-opacity": {
      "version": "3.0.2",
      "resolved": "https://registry.npmjs.org/@tsparticles/updater-opacity/-/updater-opacity-3.0.2.tgz",
      "integrity": "sha512-4a8Y26v8ln90ZqaqcKn8bgpT2A2QxjUCnK56hmRrIdtG9+kcF43RZYDHZQo/Voy9UWKMJObaJ4eP60H6a2f4cw==",
      "dependencies": {
        "@tsparticles/engine": "^3.0.2"
      }
    },
    "node_modules/@tsparticles/updater-out-modes": {
      "version": "3.0.2",
      "resolved": "https://registry.npmjs.org/@tsparticles/updater-out-modes/-/updater-out-modes-3.0.2.tgz",
      "integrity": "sha512-5Z6RRSnDeP0I0ToRF7kKJbsIZ3RCCIPeLPSL6uGeTaEiwZ2uD3DU87Brf66N0c4ioxKjpwQ/VKt3nRF9PIyNXQ==",
      "dependencies": {
        "@tsparticles/engine": "^3.0.2"
      }
    },
    "node_modules/@tsparticles/updater-rotate": {
      "version": "3.0.2",
      "resolved": "https://registry.npmjs.org/@tsparticles/updater-rotate/-/updater-rotate-3.0.2.tgz",
      "integrity": "sha512-RA298SAzAvrSn8iV3VtW4tLgpGrhMFlPUZSOKIaD9fi1gcXPJGSCmqquJlLA5tGnFGcGGB8ZYsDB9VKHsvdXZg==",
      "dependencies": {
        "@tsparticles/engine": "^3.0.2"
      }
    },
    "node_modules/@tsparticles/updater-size": {
      "version": "3.0.2",
      "resolved": "https://registry.npmjs.org/@tsparticles/updater-size/-/updater-size-3.0.2.tgz",
      "integrity": "sha512-DPOQvOxf1kEUzA7yEC40JYyvPhOGJirtSiX86vpi3ApTWud2n+B+D3AXS7JhT/g+ISNQ04dICRbRYY0yUeDLFA==",
      "dependencies": {
        "@tsparticles/engine": "^3.0.2"
      }
    },
    "node_modules/@tsparticles/updater-stroke-color": {
      "version": "3.0.2",
      "resolved": "https://registry.npmjs.org/@tsparticles/updater-stroke-color/-/updater-stroke-color-3.0.2.tgz",
      "integrity": "sha512-SIkWit6LCauH0bg3jdXOBfFkFwih4mUSfBInaM+iISrvWLQA6XQLtcxJKql7Uvpu2eqTEShZ3UmnKPutqd46/w==",
      "dependencies": {
        "@tsparticles/engine": "^3.0.2"
      }
    },
    "node_modules/@vercel/analytics": {
      "version": "1.1.1",
      "resolved": "https://registry.npmjs.org/@vercel/analytics/-/analytics-1.1.1.tgz",
      "integrity": "sha512-+NqgNmSabg3IFfxYhrWCfB/H+RCUOCR5ExRudNG2+pcRehq628DJB5e1u1xqwpLtn4pAYii4D98w7kofORAGQA==",
      "dependencies": {
        "server-only": "^0.0.1"
      }
    },
    "node_modules/busboy": {
      "version": "1.6.0",
      "resolved": "https://registry.npmjs.org/busboy/-/busboy-1.6.0.tgz",
      "integrity": "sha512-8SFQbg/0hQ9xy3UNTB0YEnsNBbWfhf7RtnzpL7TkBiTBRfrQ9Fxcnz7VJsleJpyp6rVLvXiuORqjlHi5q+PYuA==",
      "dependencies": {
        "streamsearch": "^1.1.0"
      },
      "engines": {
        "node": ">=10.16.0"
      }
    },
    "node_modules/caniuse-lite": {
      "version": "1.0.30001570",
      "resolved": "https://registry.npmjs.org/caniuse-lite/-/caniuse-lite-1.0.30001570.tgz",
      "integrity": "sha512-+3e0ASu4sw1SWaoCtvPeyXp+5PsjigkSt8OXZbF9StH5pQWbxEjLAZE3n8Aup5udop1uRiKA7a4utUk/uoSpUw==",
      "funding": [
        {
          "type": "opencollective",
          "url": "https://opencollective.com/browserslist"
        },
        {
          "type": "tidelift",
          "url": "https://tidelift.com/funding/github/npm/caniuse-lite"
        },
        {
          "type": "github",
          "url": "https://github.com/sponsors/ai"
        }
      ]
    },
    "node_modules/client-only": {
      "version": "0.0.1",
      "resolved": "https://registry.npmjs.org/client-only/-/client-only-0.0.1.tgz",
      "integrity": "sha512-IV3Ou0jSMzZrd3pZ48nLkT9DA7Ag1pnPzaiQhpW7c3RbcqqzvzzVu+L8gfqMp/8IM2MQtSiqaCxrrcfu8I8rMA=="
    },
    "node_modules/clsx": {
      "version": "2.0.0",
      "resolved": "https://registry.npmjs.org/clsx/-/clsx-2.0.0.tgz",
      "integrity": "sha512-rQ1+kcj+ttHG0MKVGBUXwayCCF1oh39BF5COIpRzuCEv8Mwjv0XucrI2ExNTOn9IlLifGClWQcU9BrZORvtw6Q==",
      "engines": {
        "node": ">=6"
      }
    },
    "node_modules/glob-to-regexp": {
      "version": "0.4.1",
      "resolved": "https://registry.npmjs.org/glob-to-regexp/-/glob-to-regexp-0.4.1.tgz",
      "integrity": "sha512-lkX1HJXwyMcprw/5YUZc2s7DrpAiHB21/V+E1rHUrVNokkvB6bqMzT0VfV6/86ZNabt1k14YOIaT7nDvOX3Iiw=="
    },
    "node_modules/graceful-fs": {
      "version": "4.2.11",
      "resolved": "https://registry.npmjs.org/graceful-fs/-/graceful-fs-4.2.11.tgz",
      "integrity": "sha512-RbJ5/jmFcNNCcDV5o9eTnBLJ/HszWV0P73bc+Ff4nS/rJj+YaS6IGyiOL0VoBYX+l1Wrl3k63h/KrH+nhJ0XvQ=="
    },
    "node_modules/js-tokens": {
      "version": "4.0.0",
      "resolved": "https://registry.npmjs.org/js-tokens/-/js-tokens-4.0.0.tgz",
      "integrity": "sha512-RdJUflcE3cUzKiMqQgsCu06FPu9UdIJO0beYbPhHN4k6apgJtifcoCtT9bcxOpYBtpD2kCM6Sbzg4CausW/PKQ=="
    },
    "node_modules/loose-envify": {
      "version": "1.4.0",
      "resolved": "https://registry.npmjs.org/loose-envify/-/loose-envify-1.4.0.tgz",
      "integrity": "sha512-lyuxPGr/Wfhrlem2CL/UcnUc1zcqKAImBDzukY7Y5F/yQiNdko6+fRLevlw1HgMySw7f611UIY408EtxRSoK3Q==",
      "dependencies": {
        "js-tokens": "^3.0.0 || ^4.0.0"
      },
      "bin": {
        "loose-envify": "cli.js"
      }
    },
    "node_modules/nanoid": {
      "version": "3.3.7",
      "resolved": "https://registry.npmjs.org/nanoid/-/nanoid-3.3.7.tgz",
      "integrity": "sha512-eSRppjcPIatRIMC1U6UngP8XFcz8MQWGQdt1MTBQ7NaAmvXDfvNxbvWV3x2y6CdEUciCSsDHDQZbhYaB8QEo2g==",
      "funding": [
        {
          "type": "github",
          "url": "https://github.com/sponsors/ai"
        }
      ],
      "bin": {
        "nanoid": "bin/nanoid.cjs"
      },
      "engines": {
        "node": "^10 || ^12 || ^13.7 || ^14 || >=15.0.1"
      }
    },
    "node_modules/next": {
      "version": "14.0.4",
      "resolved": "https://registry.npmjs.org/next/-/next-14.0.4.tgz",
      "integrity": "sha512-qbwypnM7327SadwFtxXnQdGiKpkuhaRLE2uq62/nRul9cj9KhQ5LhHmlziTNqUidZotw/Q1I9OjirBROdUJNgA==",
      "dependencies": {
        "@next/env": "14.0.4",
        "@swc/helpers": "0.5.2",
        "busboy": "1.6.0",
        "caniuse-lite": "^1.0.30001406",
        "graceful-fs": "^4.2.11",
        "postcss": "8.4.31",
        "styled-jsx": "5.1.1",
        "watchpack": "2.4.0"
      },
      "bin": {
        "next": "dist/bin/next"
      },
      "engines": {
        "node": ">=18.17.0"
      },
      "optionalDependencies": {
        "@next/swc-darwin-arm64": "14.0.4",
        "@next/swc-darwin-x64": "14.0.4",
        "@next/swc-linux-arm64-gnu": "14.0.4",
        "@next/swc-linux-arm64-musl": "14.0.4",
        "@next/swc-linux-x64-gnu": "14.0.4",
        "@next/swc-linux-x64-musl": "14.0.4",
        "@next/swc-win32-arm64-msvc": "14.0.4",
        "@next/swc-win32-ia32-msvc": "14.0.4",
        "@next/swc-win32-x64-msvc": "14.0.4"
      },
      "peerDependencies": {
        "@opentelemetry/api": "^1.1.0",
        "react": "^18.2.0",
        "react-dom": "^18.2.0",
        "sass": "^1.3.0"
      },
      "peerDependenciesMeta": {
        "@opentelemetry/api": {
          "optional": true
        },
        "sass": {
          "optional": true
        }
      }
    },
    "node_modules/picocolors": {
      "version": "1.0.0",
      "resolved": "https://registry.npmjs.org/picocolors/-/picocolors-1.0.0.tgz",
      "integrity": "sha512-1fygroTLlHu66zi26VoTDv8yRgm0Fccecssto+MhsZ0D/DGW2sm8E8AjW7NU5VVTRt5GxbeZ5qBuJr+HyLYkjQ=="
    },
    "node_modules/postcss": {
      "version": "8.4.31",
      "resolved": "https://registry.npmjs.org/postcss/-/postcss-8.4.31.tgz",
      "integrity": "sha512-PS08Iboia9mts/2ygV3eLpY5ghnUcfLV/EXTOW1E2qYxJKGGBUtNjN76FYHnMs36RmARn41bC0AZmn+rR0OVpQ==",
      "funding": [
        {
          "type": "opencollective",
          "url": "https://opencollective.com/postcss/"
        },
        {
          "type": "tidelift",
          "url": "https://tidelift.com/funding/github/npm/postcss"
        },
        {
          "type": "github",
          "url": "https://github.com/sponsors/ai"
        }
      ],
      "dependencies": {
        "nanoid": "^3.3.6",
        "picocolors": "^1.0.0",
        "source-map-js": "^1.0.2"
      },
      "engines": {
        "node": "^10 || ^12 || >=14"
      }
    },
    "node_modules/react": {
      "version": "18.2.0",
      "resolved": "https://registry.npmjs.org/react/-/react-18.2.0.tgz",
      "integrity": "sha512-/3IjMdb2L9QbBdWiW5e3P2/npwMBaU9mHCSCUzNln0ZCYbcfTsGbTJrU/kGemdH2IWmB2ioZ+zkxtmq6g09fGQ==",
      "dependencies": {
        "loose-envify": "^1.1.0"
      },
      "engines": {
        "node": ">=0.10.0"
      }
    },
    "node_modules/react-dom": {
      "version": "18.2.0",
      "resolved": "https://registry.npmjs.org/react-dom/-/react-dom-18.2.0.tgz",
      "integrity": "sha512-6IMTriUmvsjHUjNtEDudZfuDQUoWXVxKHhlEGSk81n4YFS+r/Kl99wXiwlVXtPBtJenozv2P+hxDsw9eA7Xo6g==",
      "dependencies": {
        "loose-envify": "^1.1.0",
        "scheduler": "^0.23.0"
      },
      "peerDependencies": {
        "react": "^18.2.0"
      }
    },
    "node_modules/scheduler": {
      "version": "0.23.0",
      "resolved": "https://registry.npmjs.org/scheduler/-/scheduler-0.23.0.tgz",
      "integrity": "sha512-CtuThmgHNg7zIZWAXi3AsyIzA3n4xx7aNyjwC2VJldO2LMVDhFK+63xGqq6CsJH4rTAt6/M+N4GhZiDYPx9eUw==",
      "dependencies": {
        "loose-envify": "^1.1.0"
      }
    },
    "node_modules/server-only": {
      "version": "0.0.1",
      "resolved": "https://registry.npmjs.org/server-only/-/server-only-0.0.1.tgz",
      "integrity": "sha512-qepMx2JxAa5jjfzxG79yPPq+8BuFToHd1hm7kI+Z4zAq1ftQiP7HcxMhDDItrbtwVeLg/cY2JnKnrcFkmiswNA=="
    },
    "node_modules/source-map-js": {
      "version": "1.0.2",
      "resolved": "https://registry.npmjs.org/source-map-js/-/source-map-js-1.0.2.tgz",
      "integrity": "sha512-R0XvVJ9WusLiqTCEiGCmICCMplcCkIwwR11mOSD9CR5u+IXYdiseeEuXCVAjS54zqwkLcPNnmU4OeJ6tUrWhDw==",
      "engines": {
        "node": ">=0.10.0"
      }
    },
    "node_modules/streamsearch": {
      "version": "1.1.0",
      "resolved": "https://registry.npmjs.org/streamsearch/-/streamsearch-1.1.0.tgz",
      "integrity": "sha512-Mcc5wHehp9aXz1ax6bZUyY5afg9u2rv5cqQI3mRrYkGC8rW2hM02jWuwjtL++LS5qinSyhj2QfLyNsuc+VsExg==",
      "engines": {
        "node": ">=10.0.0"
      }
    },
    "node_modules/styled-jsx": {
      "version": "5.1.1",
      "resolved": "https://registry.npmjs.org/styled-jsx/-/styled-jsx-5.1.1.tgz",
      "integrity": "sha512-pW7uC1l4mBZ8ugbiZrcIsiIvVx1UmTfw7UkC3Um2tmfUq9Bhk8IiyEIPl6F8agHgjzku6j0xQEZbfA5uSgSaCw==",
      "dependencies": {
        "client-only": "0.0.1"
      },
      "engines": {
        "node": ">= 12.0.0"
      },
      "peerDependencies": {
        "react": ">= 16.8.0 || 17.x.x || ^18.0.0-0"
      },
      "peerDependenciesMeta": {
        "@babel/core": {
          "optional": true
        },
        "babel-plugin-macros": {
          "optional": true
        }
      }
    },
    "node_modules/tslib": {
      "version": "2.6.2",
      "resolved": "https://registry.npmjs.org/tslib/-/tslib-2.6.2.tgz",
      "integrity": "sha512-AEYxH93jGFPn/a2iVAwW87VuUIkR1FVUKB77NwMF7nBTDkDrrT/Hpt/IrCJ0QXhW27jTBDcf5ZY7w6RiqTMw2Q=="
    },
    "node_modules/watchpack": {
      "version": "2.4.0",
      "resolved": "https://registry.npmjs.org/watchpack/-/watchpack-2.4.0.tgz",
      "integrity": "sha512-Lcvm7MGST/4fup+ifyKi2hjyIAwcdI4HRgtvTpIUxBRhB+RFtUh8XtDOxUfctVCnhVi+QQj49i91OyvzkJl6cg==",
      "dependencies": {
        "glob-to-regexp": "^0.4.1",
        "graceful-fs": "^4.1.2"
      },
      "engines": {
        "node": ">=10.13.0"
      }
    }
  }
}
